# THIS IS AN AUTOGENERATED FILE. DO NOT EDIT THIS FILE DIRECTLY.
# yarn lockfile v1


mapbox-gl-vue@^2.0.3:
  version "2.0.3"
  resolved "https://registry.yarnpkg.com/mapbox-gl-vue/-/mapbox-gl-vue-2.0.3.tgz#059ec185fa85dbbd04f0bb6ca054f4a9718684f9"
  integrity sha512-AO5DGYhrSC2cutj6socP17dIRdb8+XUH0xg+d0GE2e4IgbxPtGh7TZWmCxjW+VARk+s+WEZCT//E+UPsaTwK1w==
